
Microsoft Visual Studio Solution File, Format Version 12.00
# Visual Studio Version 17
VisualStudioVersion = 17.9.34714.143
MinimumVisualStudioVersion = 10.0.40219.1
Project("{8BC9CEB8-8B4A-11D0-8D11-00A0C91BC942}") = "Caro Game", "Caro Game\Caro Game.vcxproj", "{71452B7C-A3FE-4AAF-8F59-269412AAB3B3}"
EndProject
Global
	GlobalSection(SolutionConfigurationPlatforms) = preSolution
		Debug|x64 = Debug|x64
		Debug|x86 = Debug|x86
		Release|x64 = Release|x64
		Release|x86 = Release|x86
	EndGlobalSection
	GlobalSection(ProjectConfigurationPlatforms) = postSolution
		{71452B7C-A3FE-4AAF-8F59-269412AAB3B3}.Debug|x64.ActiveCfg = Debug|x64
		{71452B7C-A3FE-4AAF-8F59-269412AAB3B3}.Debug|x64.Build.0 = Debug|x64
		{71452B7C-A3FE-4AAF-8F59-269412AAB3B3}.Debug|x86.ActiveCfg = Debug|Win32
		{71452B7C-A3FE-4AAF-8F59-269412AAB3B3}.Debug|x86.Build.0 = Debug|Win32
		{71452B7C-A3FE-4AAF-8F59-269412AAB3B3}.Release|x64.ActiveCfg = Release|x64
		{71452B7C-A3FE-4AAF-8F59-269412AAB3B3}.Release|x64.Build.0 = Release|x64
		{71452B7C-A3FE-4AAF-8F59-269412AAB3B3}.Release|x86.ActiveCfg = Release|Win32
		{71452B7C-A3FE-4AAF-8F59-269412AAB3B3}.Release|x86.Build.0 = Release|Win32
	EndGlobalSection
	GlobalSection(SolutionProperties) = preSolution
		HideSolutionNode = FALSE
	EndGlobalSection
	GlobalSection(ExtensibilityGlobals) = postSolution
		SolutionGuid = {21A98AB7-7E3C-4ABB-B033-6EC2E9998759}
	EndGlobalSection
EndGlobal
